
Microsoft Visual Studio Solution File, Format Version 12.00
Project("{FAE04EC0-301F-11D3-BF4B-00C04F79EFBC}") = "KernelMemory.Playwright", "KernelMemory.Playwright\KernelMemory.Playwright.csproj", "{B54A4631-1069-4431-8334-D42FF29BFC44}"
EndProject
Project("{FAE04EC0-301F-11D3-BF4B-00C04F79EFBC}") = "KernelMemory.Playwright.Tests", "KernelMemory.Playwright.Tests\KernelMemory.Playwright.Tests.csproj", "{3124E9CA-5BCD-4F9B-B5A9-F07BD5E61D6F}"
EndProject
Global
	GlobalSection(SolutionConfigurationPlatforms) = preSolution
		Debug|Any CPU = Debug|Any CPU
		Release|Any CPU = Release|Any CPU
	EndGlobalSection
	GlobalSection(ProjectConfigurationPlatforms) = postSolution
		{B54A4631-1069-4431-8334-D42FF29BFC44}.Debug|Any CPU.ActiveCfg = Debug|Any CPU
		{B54A4631-1069-4431-8334-D42FF29BFC44}.Debug|Any CPU.Build.0 = Debug|Any CPU
		{B54A4631-1069-4431-8334-D42FF29BFC44}.Release|Any CPU.ActiveCfg = Release|Any CPU
		{B54A4631-1069-4431-8334-D42FF29BFC44}.Release|Any CPU.Build.0 = Release|Any CPU
		{C4805F29-78B8-4BD8-86FE-4E322419E8DE}.Debug|Any CPU.ActiveCfg = Debug|Any CPU
		{C4805F29-78B8-4BD8-86FE-4E322419E8DE}.Debug|Any CPU.Build.0 = Debug|Any CPU
		{C4805F29-78B8-4BD8-86FE-4E322419E8DE}.Release|Any CPU.ActiveCfg = Release|Any CPU
		{C4805F29-78B8-4BD8-86FE-4E322419E8DE}.Release|Any CPU.Build.0 = Release|Any CPU
		{3124E9CA-5BCD-4F9B-B5A9-F07BD5E61D6F}.Debug|Any CPU.ActiveCfg = Debug|Any CPU
		{3124E9CA-5BCD-4F9B-B5A9-F07BD5E61D6F}.Debug|Any CPU.Build.0 = Debug|Any CPU
		{3124E9CA-5BCD-4F9B-B5A9-F07BD5E61D6F}.Release|Any CPU.ActiveCfg = Release|Any CPU
		{3124E9CA-5BCD-4F9B-B5A9-F07BD5E61D6F}.Release|Any CPU.Build.0 = Release|Any CPU
	EndGlobalSection
EndGlobal
